# This file is autogenerated, do not edit; changes may be undone by the next 'dep ensure'.


[[projects]]
  digest = "1:2a36b27e193db8275a6ef0dd66f7c5c4951baa6a7a30b17cb6b254f057704fec"
  name = "github.com/apache/pulsar"
  packages = [
    "pulsar-client-go/logutil",
    "pulsar-client-go/pulsar",
  ]
  pruneopts = "UT"
  revision = "653ef409e5a3e72d7a7917d45b54c46e7bff5c16"
  version = "v2.6.0"

[[projects]]
  digest = "1:4caab6f14c6b9654ccb7d398791d1f71a2d4e693ea508d29659a173e1b2e644a"
  name = "github.com/gogo/protobuf"
  packages = ["proto"]
  pruneopts = "UT"
  revision = "5628607bb4c51c3157aacc3a50f0ab707582b805"
  version = "v1.3.1"

[[projects]]
  digest = "1:e4f5819333ac698d294fe04dbf640f84719658d5c7ce195b10060cc37292ce79"
  name = "github.com/golang/snappy"
  packages = ["."]
  pruneopts = "UT"
  revision = "2a8bb927dd31d8daada140a5d09578521ce5c36a"
  version = "v0.0.1"

[[projects]]
  digest = "1:09cb61dc19af93deae01587e2fdb1c081e0bf48f1a5ad5fa24f48750dc57dce8"
  name = "github.com/konsorten/go-windows-terminal-sequences"
  packages = ["."]
  pruneopts = "UT"
  revision = "edb144dfd453055e1e49a3d8b410a660b5a87613"
  version = "v1.0.3"

[[projects]]
  digest = "1:d95b8bb3ac8504c162b886d9396005640c1bd5c4523ef78f542d14d514802e62"
  name = "github.com/linkedin/goavro"
  packages = ["."]
  pruneopts = "UT"
  revision = "58a83ea1539a0c8c3946781abac4103abac92535"
  version = "v2.9.8"

[[projects]]
  digest = "1:05eebdd5727fea23083fce0d98d307d70c86baed644178e81608aaa9f09ea469"
  name = "github.com/sirupsen/logrus"
  packages = ["."]
  pruneopts = "UT"
  revision = "60c74ad9be0d874af0ab0daef6ab07c5c5911f0d"
  version = "v1.6.0"

[[projects]]
  branch = "master"
  digest = "1:ba579a2291aeee121f631ddef2cc1972b15ca1d5ca3221a54a28e084b07f73f6"
  name = "golang.org/x/sys"
  packages = [
    "internal/unsafeheader",
    "unix",
  ]
  pruneopts = "UT"
  revision = "76b94024e4b621e672466e8db3d7f084e7ddcad2"

[[projects]]
  digest = "1:c805e517269b0ba4c21ded5836019ed7d16953d4026cb7d00041d039c7906be9"
  name = "gopkg.in/natefinch/lumberjack.v2"
  packages = ["."]
  pruneopts = "UT"
  revision = "a96e63847dc3c67d17befa69c303767e2f84e54f"
  version = "v2.1"

[solve-meta]
  analyzer-name = "dep"
  analyzer-version = 1
  input-imports = ["github.com/apache/pulsar/pulsar-client-go/pulsar"]
  solver-name = "gps-cdcl"
  solver-version = 1
